
Microsoft Visual Studio Solution File, Format Version 12.00
# Visual Studio 2013
VisualStudioVersion = 12.0.30501.0
MinimumVisualStudioVersion = 10.0.40219.1
Project("{FAE04EC0-301F-11D3-BF4B-00C04F79EFBC}") = "Optimus", "BundlingAndMinificationForTheMasses\Optimus.csproj", "{68A4FD95-45A1-4CC1-AFF1-7C2FAC5D26AF}"
EndProject
Project("{2150E333-8FDC-42A3-9474-1A3956D46DE8}") = ".nuget", ".nuget", "{627A0428-E0BE-413A-B946-29B864C2827C}"
	ProjectSection(SolutionItems) = preProject
		.nuget\NuGet.Config = .nuget\NuGet.Config
		.nuget\NuGet.exe = .nuget\NuGet.exe
		.nuget\NuGet.targets = .nuget\NuGet.targets
	EndProjectSection
EndProject
Project("{FAE04EC0-301F-11D3-BF4B-00C04F79EFBC}") = "Optimus.Providers.Less", "BundlingAndMinificationForTheMasses.Providers.Less\Optimus.Providers.Less.csproj", "{509FBD0A-682B-420E-9F7F-F9C59032AA2C}"
EndProject
Project("{FAE04EC0-301F-11D3-BF4B-00C04F79EFBC}") = "Optimus.Trees.Stylesheets", "Optimus.Trees.Stylesheets\Optimus.Trees.Stylesheets.csproj", "{F2E815DB-B7FB-44A4-BB42-450D1A51A299}"
EndProject
Project("{FAE04EC0-301F-11D3-BF4B-00C04F79EFBC}") = "Optimus.Trees.Scripts", "Optimus.Trees.Scripts\Optimus.Trees.Scripts.csproj", "{63A7396E-8187-4111-BB71-990955F19948}"
EndProject
Project("{FAE04EC0-301F-11D3-BF4B-00C04F79EFBC}") = "Optimus.V7", "Optimus.V7\Optimus.V7.csproj", "{D6AE76D1-1E19-4D48-BE2F-5561BD6D5782}"
EndProject
Project("{FAE04EC0-301F-11D3-BF4B-00C04F79EFBC}") = "TestSiteV7", "TestSiteV7\TestSiteV7.csproj", "{3BC3A1A4-C9D1-4AF2-9E6B-32096845B6C8}"
EndProject
Project("{2150E333-8FDC-42A3-9474-1A3956D46DE8}") = "PackageBuild", "PackageBuild", "{4B3B80DC-A051-44A2-992B-CE7BFC192085}"
	ProjectSection(SolutionItems) = preProject
		BuildPackages\AutobotsRollout.cmd = BuildPackages\AutobotsRollout.cmd
	EndProjectSection
EndProject
Project("{2150E333-8FDC-42A3-9474-1A3956D46DE8}") = "Optimus.AddOns.V8JavaScriptEngine", "Optimus.AddOns.V8JavaScriptEngine", "{7225EF91-ADB7-48FC-96FA-1E59C29323DB}"
	ProjectSection(SolutionItems) = preProject
		BuildPackages\Optimus.AddOns.V8JavaScriptEngine\Package.build.cmd = BuildPackages\Optimus.AddOns.V8JavaScriptEngine\Package.build.cmd
		BuildPackages\Optimus.AddOns.V8JavaScriptEngine\Package.build.xml = BuildPackages\Optimus.AddOns.V8JavaScriptEngine\Package.build.xml
		BuildPackages\Optimus.AddOns.V8JavaScriptEngine\Package.xml = BuildPackages\Optimus.AddOns.V8JavaScriptEngine\Package.xml
	EndProjectSection
EndProject
Project("{2150E333-8FDC-42A3-9474-1A3956D46DE8}") = "Optimus.Core", "Optimus.Core", "{D16EAD8F-9A41-4D7A-845A-2C56E9F6781E}"
	ProjectSection(SolutionItems) = preProject
		BuildPackages\Optimus.Core\Package.build.cmd = BuildPackages\Optimus.Core\Package.build.cmd
		BuildPackages\Optimus.Core\Package.build.xml = BuildPackages\Optimus.Core\Package.build.xml
		BuildPackages\Optimus.Core\Package.xml = BuildPackages\Optimus.Core\Package.xml
	EndProjectSection
EndProject
Project("{2150E333-8FDC-42A3-9474-1A3956D46DE8}") = "Optimus.Providers.Less", "Optimus.Providers.Less", "{244A1B68-F5B6-4692-B099-0E1E6C1F556C}"
	ProjectSection(SolutionItems) = preProject
		BuildPackages\Optimus.Providers.Less\Package.build.cmd = BuildPackages\Optimus.Providers.Less\Package.build.cmd
		BuildPackages\Optimus.Providers.Less\Package.build.xml = BuildPackages\Optimus.Providers.Less\Package.build.xml
		BuildPackages\Optimus.Providers.Less\Package.xml = BuildPackages\Optimus.Providers.Less\Package.xml
	EndProjectSection
EndProject
Project("{2150E333-8FDC-42A3-9474-1A3956D46DE8}") = "Optimus.Providers.SassAndScss", "Optimus.Providers.SassAndScss", "{B264390C-A41A-4840-8C95-AF2BAAA752BB}"
	ProjectSection(SolutionItems) = preProject
		BuildPackages\Optimus.Providers.SassAndScss\Package.build.cmd = BuildPackages\Optimus.Providers.SassAndScss\Package.build.cmd
		BuildPackages\Optimus.Providers.SassAndScss\Package.build.xml = BuildPackages\Optimus.Providers.SassAndScss\Package.build.xml
		BuildPackages\Optimus.Providers.SassAndScss\Package.xml = BuildPackages\Optimus.Providers.SassAndScss\Package.xml
	EndProjectSection
EndProject
Project("{2150E333-8FDC-42A3-9474-1A3956D46DE8}") = "Optimus.Providers.CoffeeScript", "Optimus.Providers.CoffeeScript", "{828F244B-2B4C-4535-8461-A71F7E0588DC}"
	ProjectSection(SolutionItems) = preProject
		BuildPackages\Optimus.Providers.CoffeeScript\Package.build.cmd = BuildPackages\Optimus.Providers.CoffeeScript\Package.build.cmd
		BuildPackages\Optimus.Providers.CoffeeScript\Package.build.xml = BuildPackages\Optimus.Providers.CoffeeScript\Package.build.xml
		BuildPackages\Optimus.Providers.CoffeeScript\Package.xml = BuildPackages\Optimus.Providers.CoffeeScript\Package.xml
	EndProjectSection
EndProject
Project("{2150E333-8FDC-42A3-9474-1A3956D46DE8}") = "Optimus.Providers.TypeScript", "Optimus.Providers.TypeScript", "{8534C935-A3A4-46BD-9A6C-B48EF4995CCA}"
	ProjectSection(SolutionItems) = preProject
		BuildPackages\Optimus.Providers.TypeScript\Package.build.cmd = BuildPackages\Optimus.Providers.TypeScript\Package.build.cmd
		BuildPackages\Optimus.Providers.TypeScript\Package.build.xml = BuildPackages\Optimus.Providers.TypeScript\Package.build.xml
		BuildPackages\Optimus.Providers.TypeScript\Package.xml = BuildPackages\Optimus.Providers.TypeScript\Package.xml
	EndProjectSection
EndProject
Project("{FAE04EC0-301F-11D3-BF4B-00C04F79EFBC}") = "Optimus.Providers.CoffeeScript", "BundlingAndMinificationForTheMasses.Providers.Coffee\Optimus.Providers.CoffeeScript.csproj", "{077CE74A-1B24-4205-BCD8-CAB39A3CD4DF}"
EndProject
Project("{FAE04EC0-301F-11D3-BF4B-00C04F79EFBC}") = "Optimus.Providers.SassAndSCSS", "BundlingAndMinificationForTheMasses.Providers.SCSS\Optimus.Providers.SassAndSCSS.csproj", "{9FE56583-994F-4286-9BE5-C2F0237D6FB7}"
EndProject
Global
	GlobalSection(SolutionConfigurationPlatforms) = preSolution
		Debug|Any CPU = Debug|Any CPU
		Release|Any CPU = Release|Any CPU
	EndGlobalSection
	GlobalSection(ProjectConfigurationPlatforms) = postSolution
		{68A4FD95-45A1-4CC1-AFF1-7C2FAC5D26AF}.Debug|Any CPU.ActiveCfg = Debug|Any CPU
		{68A4FD95-45A1-4CC1-AFF1-7C2FAC5D26AF}.Debug|Any CPU.Build.0 = Debug|Any CPU
		{68A4FD95-45A1-4CC1-AFF1-7C2FAC5D26AF}.Release|Any CPU.ActiveCfg = Release|Any CPU
		{68A4FD95-45A1-4CC1-AFF1-7C2FAC5D26AF}.Release|Any CPU.Build.0 = Release|Any CPU
		{509FBD0A-682B-420E-9F7F-F9C59032AA2C}.Debug|Any CPU.ActiveCfg = Debug|Any CPU
		{509FBD0A-682B-420E-9F7F-F9C59032AA2C}.Debug|Any CPU.Build.0 = Debug|Any CPU
		{509FBD0A-682B-420E-9F7F-F9C59032AA2C}.Release|Any CPU.ActiveCfg = Release|Any CPU
		{509FBD0A-682B-420E-9F7F-F9C59032AA2C}.Release|Any CPU.Build.0 = Release|Any CPU
		{F2E815DB-B7FB-44A4-BB42-450D1A51A299}.Debug|Any CPU.ActiveCfg = Debug|Any CPU
		{F2E815DB-B7FB-44A4-BB42-450D1A51A299}.Debug|Any CPU.Build.0 = Debug|Any CPU
		{F2E815DB-B7FB-44A4-BB42-450D1A51A299}.Release|Any CPU.ActiveCfg = Release|Any CPU
		{F2E815DB-B7FB-44A4-BB42-450D1A51A299}.Release|Any CPU.Build.0 = Release|Any CPU
		{63A7396E-8187-4111-BB71-990955F19948}.Debug|Any CPU.ActiveCfg = Debug|Any CPU
		{63A7396E-8187-4111-BB71-990955F19948}.Debug|Any CPU.Build.0 = Debug|Any CPU
		{63A7396E-8187-4111-BB71-990955F19948}.Release|Any CPU.ActiveCfg = Release|Any CPU
		{63A7396E-8187-4111-BB71-990955F19948}.Release|Any CPU.Build.0 = Release|Any CPU
		{D6AE76D1-1E19-4D48-BE2F-5561BD6D5782}.Debug|Any CPU.ActiveCfg = Debug|Any CPU
		{D6AE76D1-1E19-4D48-BE2F-5561BD6D5782}.Debug|Any CPU.Build.0 = Debug|Any CPU
		{D6AE76D1-1E19-4D48-BE2F-5561BD6D5782}.Release|Any CPU.ActiveCfg = Release|Any CPU
		{D6AE76D1-1E19-4D48-BE2F-5561BD6D5782}.Release|Any CPU.Build.0 = Release|Any CPU
		{3BC3A1A4-C9D1-4AF2-9E6B-32096845B6C8}.Debug|Any CPU.ActiveCfg = Debug|Any CPU
		{3BC3A1A4-C9D1-4AF2-9E6B-32096845B6C8}.Debug|Any CPU.Build.0 = Debug|Any CPU
		{3BC3A1A4-C9D1-4AF2-9E6B-32096845B6C8}.Release|Any CPU.ActiveCfg = Release|Any CPU
		{3BC3A1A4-C9D1-4AF2-9E6B-32096845B6C8}.Release|Any CPU.Build.0 = Release|Any CPU
		{077CE74A-1B24-4205-BCD8-CAB39A3CD4DF}.Debug|Any CPU.ActiveCfg = Debug|Any CPU
		{077CE74A-1B24-4205-BCD8-CAB39A3CD4DF}.Debug|Any CPU.Build.0 = Debug|Any CPU
		{077CE74A-1B24-4205-BCD8-CAB39A3CD4DF}.Release|Any CPU.ActiveCfg = Release|Any CPU
		{077CE74A-1B24-4205-BCD8-CAB39A3CD4DF}.Release|Any CPU.Build.0 = Release|Any CPU
		{9FE56583-994F-4286-9BE5-C2F0237D6FB7}.Debug|Any CPU.ActiveCfg = Debug|Any CPU
		{9FE56583-994F-4286-9BE5-C2F0237D6FB7}.Debug|Any CPU.Build.0 = Debug|Any CPU
		{9FE56583-994F-4286-9BE5-C2F0237D6FB7}.Release|Any CPU.ActiveCfg = Release|Any CPU
		{9FE56583-994F-4286-9BE5-C2F0237D6FB7}.Release|Any CPU.Build.0 = Release|Any CPU
	EndGlobalSection
	GlobalSection(SolutionProperties) = preSolution
		HideSolutionNode = FALSE
	EndGlobalSection
	GlobalSection(NestedProjects) = preSolution
		{7225EF91-ADB7-48FC-96FA-1E59C29323DB} = {4B3B80DC-A051-44A2-992B-CE7BFC192085}
		{D16EAD8F-9A41-4D7A-845A-2C56E9F6781E} = {4B3B80DC-A051-44A2-992B-CE7BFC192085}
		{244A1B68-F5B6-4692-B099-0E1E6C1F556C} = {4B3B80DC-A051-44A2-992B-CE7BFC192085}
		{B264390C-A41A-4840-8C95-AF2BAAA752BB} = {4B3B80DC-A051-44A2-992B-CE7BFC192085}
		{828F244B-2B4C-4535-8461-A71F7E0588DC} = {4B3B80DC-A051-44A2-992B-CE7BFC192085}
		{8534C935-A3A4-46BD-9A6C-B48EF4995CCA} = {4B3B80DC-A051-44A2-992B-CE7BFC192085}
	EndGlobalSection
EndGlobal
